
Microsoft Visual Studio Solution File, Format Version 12.00
# Visual Studio Version 17
VisualStudioVersion = 17.4.33103.184
MinimumVisualStudioVersion = 10.0.40219.1
Project("{9A19103F-16F7-4668-BE54-9A1E7A4F7556}") = "Nimgnay.RsaHelper", "Nimgnay.RsaHelper.csproj", "{3AF3DDEF-E24C-42A6-ABE3-6CBC72395DED}"
EndProject
Project("{9A19103F-16F7-4668-BE54-9A1E7A4F7556}") = "Test", "..\Test\Test.csproj", "{A9DB59EE-678E-4772-8E61-1992A35B7A5B}"
EndProject
Project("{FAE04EC0-301F-11D3-BF4B-00C04F79EFBC}") = "Nimgnay.AesHelper", "..\Nimgnay.AesHelper\Nimgnay.AesHelper.csproj", "{6D453C1F-32A8-4D28-8739-9105AF0CA618}"
EndProject
Global
	GlobalSection(SolutionConfigurationPlatforms) = preSolution
		Debug|Any CPU = Debug|Any CPU
		Release|Any CPU = Release|Any CPU
	EndGlobalSection
	GlobalSection(ProjectConfigurationPlatforms) = postSolution
		{3AF3DDEF-E24C-42A6-ABE3-6CBC72395DED}.Debug|Any CPU.ActiveCfg = Debug|Any CPU
		{3AF3DDEF-E24C-42A6-ABE3-6CBC72395DED}.Debug|Any CPU.Build.0 = Debug|Any CPU
		{3AF3DDEF-E24C-42A6-ABE3-6CBC72395DED}.Release|Any CPU.ActiveCfg = Release|Any CPU
		{3AF3DDEF-E24C-42A6-ABE3-6CBC72395DED}.Release|Any CPU.Build.0 = Release|Any CPU
		{A9DB59EE-678E-4772-8E61-1992A35B7A5B}.Debug|Any CPU.ActiveCfg = Debug|Any CPU
		{A9DB59EE-678E-4772-8E61-1992A35B7A5B}.Debug|Any CPU.Build.0 = Debug|Any CPU
		{A9DB59EE-678E-4772-8E61-1992A35B7A5B}.Release|Any CPU.ActiveCfg = Release|Any CPU
		{A9DB59EE-678E-4772-8E61-1992A35B7A5B}.Release|Any CPU.Build.0 = Release|Any CPU
		{6D453C1F-32A8-4D28-8739-9105AF0CA618}.Debug|Any CPU.ActiveCfg = Debug|Any CPU
		{6D453C1F-32A8-4D28-8739-9105AF0CA618}.Debug|Any CPU.Build.0 = Debug|Any CPU
		{6D453C1F-32A8-4D28-8739-9105AF0CA618}.Release|Any CPU.ActiveCfg = Release|Any CPU
		{6D453C1F-32A8-4D28-8739-9105AF0CA618}.Release|Any CPU.Build.0 = Release|Any CPU
	EndGlobalSection
	GlobalSection(SolutionProperties) = preSolution
		HideSolutionNode = FALSE
	EndGlobalSection
	GlobalSection(ExtensibilityGlobals) = postSolution
		SolutionGuid = {C5E71CC8-E889-405A-9B4D-20B13E3FA063}
	EndGlobalSection
EndGlobal
